// !$*UTF8*$!
{
	archiveVersion = 1;
	classes = {
	};
	objectVersion = 56;
	objects = {

/* Begin PBXBuildFile section */
		EB35B4282AAD210800144B4C /* ArtareApp.swift in Sources */ = {isa = PBXBuildFile; fileRef = EB35B4272AAD210800144B4C /* ArtareApp.swift */; };
		EB35B42A2AAD210800144B4C /* ContentView.swift in Sources */ = {isa = PBXBuildFile; fileRef = EB35B4292AAD210800144B4C /* ContentView.swift */; };
		EB35B42F2AAD210800144B4C /* Preview Assets.xcassets in Resources */ = {isa = PBXBuildFile; fileRef = EB35B42E2AAD210800144B4C /* Preview Assets.xcassets */; };
		EB35B4362AAD21A700144B4C /* Assets.xcassets in Resources */ = {isa = PBXBuildFile; fileRef = EB35B4352AAD21A700144B4C /* Assets.xcassets */; };
		EB35B4422AAD225900144B4C /* Home.swift in Sources */ = {isa = PBXBuildFile; fileRef = EB35B4412AAD225900144B4C /* Home.swift */; };
		EB35B4482AAD35DF00144B4C /* Feed.swift in Sources */ = {isa = PBXBuildFile; fileRef = EB35B4472AAD35DF00144B4C /* Feed.swift */; };
		EB35B44A2AAD35F100144B4C /* SearchView.swift in Sources */ = {isa = PBXBuildFile; fileRef = EB35B4492AAD35F100144B4C /* SearchView.swift */; };
		EB35B44C2AAD360E00144B4C /* NotificationsView.swift in Sources */ = {isa = PBXBuildFile; fileRef = EB35B44B2AAD360E00144B4C /* NotificationsView.swift */; };
		EB35B44E2AAD361E00144B4C /* MessagesView.swift in Sources */ = {isa = PBXBuildFile; fileRef = EB35B44D2AAD361E00144B4C /* MessagesView.swift */; };
		EB35B4502AAD49A000144B4C /* CreatePostView.swift in Sources */ = {isa = PBXBuildFile; fileRef = EB35B44F2AAD49A000144B4C /* CreatePostView.swift */; };
		EB35B4542AAD4B1900144B4C /* MultilineTextField.swift in Sources */ = {isa = PBXBuildFile; fileRef = EB35B4532AAD4B1900144B4C /* MultilineTextField.swift */; };
		EB35B4562AAD567300144B4C /* PostCellView.swift in Sources */ = {isa = PBXBuildFile; fileRef = EB35B4552AAD567300144B4C /* PostCellView.swift */; };
		EB35B4582AAD601700144B4C /* SearchCell.swift in Sources */ = {isa = PBXBuildFile; fileRef = EB35B4572AAD601700144B4C /* SearchCell.swift */; };
		EB35B45A2AAD60F500144B4C /* SearchBar.swift in Sources */ = {isa = PBXBuildFile; fileRef = EB35B4592AAD60F500144B4C /* SearchBar.swift */; };
		EB35B45C2AAD63AF00144B4C /* SearchUserCell.swift in Sources */ = {isa = PBXBuildFile; fileRef = EB35B45B2AAD63AF00144B4C /* SearchUserCell.swift */; };
		EB35B45E2AAD65F200144B4C /* Extensions.swift in Sources */ = {isa = PBXBuildFile; fileRef = EB35B45D2AAD65F200144B4C /* Extensions.swift */; };
		EB35B4602AAD6C7200144B4C /* NotificationCell.swift in Sources */ = {isa = PBXBuildFile; fileRef = EB35B45F2AAD6C7100144B4C /* NotificationCell.swift */; };
		EB35B4622AAD726200144B4C /* MessageCell.swift in Sources */ = {isa = PBXBuildFile; fileRef = EB35B4612AAD726200144B4C /* MessageCell.swift */; };
		EB35B4642AAD791400144B4C /* TopBar.swift in Sources */ = {isa = PBXBuildFile; fileRef = EB35B4632AAD791400144B4C /* TopBar.swift */; };
		EB35B4662AAD7CE500144B4C /* MainView.swift in Sources */ = {isa = PBXBuildFile; fileRef = EB35B4652AAD7CE500144B4C /* MainView.swift */; };
		EB35B4682AAE16E100144B4C /* SlideMenu.swift in Sources */ = {isa = PBXBuildFile; fileRef = EB35B4672AAE16E100144B4C /* SlideMenu.swift */; };
		EB35B46A2AAE184A00144B4C /* FollowView.swift in Sources */ = {isa = PBXBuildFile; fileRef = EB35B4692AAE184A00144B4C /* FollowView.swift */; };
		EB35B46C2AAE1B2E00144B4C /* MenuButton.swift in Sources */ = {isa = PBXBuildFile; fileRef = EB35B46B2AAE1B2E00144B4C /* MenuButton.swift */; };
		EB93602B2AAE6CC300C61DD2 /* UserProfile.swift in Sources */ = {isa = PBXBuildFile; fileRef = EB93602A2AAE6CC300C61DD2 /* UserProfile.swift */; };
		EB93602D2AAE6E9E00C61DD2 /* BlurView.swift in Sources */ = {isa = PBXBuildFile; fileRef = EB93602C2AAE6E9E00C61DD2 /* BlurView.swift */; };
		EB9360312AAEA66E00C61DD2 /* TabButton.swift in Sources */ = {isa = PBXBuildFile; fileRef = EB9360302AAEA66E00C61DD2 /* TabButton.swift */; };
		EB9360332AAEB69100C61DD2 /* WelcomeView.swift in Sources */ = {isa = PBXBuildFile; fileRef = EB9360322AAEB69100C61DD2 /* WelcomeView.swift */; };
		EBF890842AAF4FA800C9BEA2 /* RegisterView.swift in Sources */ = {isa = PBXBuildFile; fileRef = EBF890832AAF4FA800C9BEA2 /* RegisterView.swift */; };
		EBF890862AAF50A900C9BEA2 /* CustomAuthTextField.swift in Sources */ = {isa = PBXBuildFile; fileRef = EBF890852AAF50A900C9BEA2 /* CustomAuthTextField.swift */; };
		EBF890882AAF517C00C9BEA2 /* SecureAuthTextField.swift in Sources */ = {isa = PBXBuildFile; fileRef = EBF890872AAF517C00C9BEA2 /* SecureAuthTextField.swift */; };
		EBF8908A2AAF54B100C9BEA2 /* LoginView.swift in Sources */ = {isa = PBXBuildFile; fileRef = EBF890892AAF54B100C9BEA2 /* LoginView.swift */; };
/* End PBXBuildFile section */

/* Begin PBXFileReference section */
		EB35B4242AAD210800144B4C /* Artare.app */ = {isa = PBXFileReference; explicitFileType = wrapper.application; includeInIndex = 0; path = Artare.app; sourceTree = BUILT_PRODUCTS_DIR; };
		EB35B4272AAD210800144B4C /* ArtareApp.swift */ = {isa = PBXFileReference; lastKnownFileType = sourcecode.swift; path = ArtareApp.swift; sourceTree = "<group>"; };
		EB35B4292AAD210800144B4C /* ContentView.swift */ = {isa = PBXFileReference; lastKnownFileType = sourcecode.swift; path = ContentView.swift; sourceTree = "<group>"; };
		EB35B42E2AAD210800144B4C /* Preview Assets.xcassets */ = {isa = PBXFileReference; lastKnownFileType = folder.assetcatalog; path = "Preview Assets.xcassets"; sourceTree = "<group>"; };
		EB35B4352AAD21A700144B4C /* Assets.xcassets */ = {isa = PBXFileReference; lastKnownFileType = folder.assetcatalog; name = Assets.xcassets; path = "../../../../Downloads/twitter-clone-frontend 2/Shared/Assets.xcassets"; sourceTree = "<group>"; };
		EB35B4412AAD225900144B4C /* Home.swift */ = {isa = PBXFileReference; lastKnownFileType = sourcecode.swift; path = Home.swift; sourceTree = "<group>"; };
		EB35B4472AAD35DF00144B4C /* Feed.swift */ = {isa = PBXFileReference; lastKnownFileType = sourcecode.swift; path = Feed.swift; sourceTree = "<group>"; };
		EB35B4492AAD35F100144B4C /* SearchView.swift */ = {isa = PBXFileReference; lastKnownFileType = sourcecode.swift; path = SearchView.swift; sourceTree = "<group>"; };
		EB35B44B2AAD360E00144B4C /* NotificationsView.swift */ = {isa = PBXFileReference; lastKnownFileType = sourcecode.swift; path = NotificationsView.swift; sourceTree = "<group>"; };
		EB35B44D2AAD361E00144B4C /* MessagesView.swift */ = {isa = PBXFileReference; lastKnownFileType = sourcecode.swift; path = MessagesView.swift; sourceTree = "<group>"; };
		EB35B44F2AAD49A000144B4C /* CreatePostView.swift */ = {isa = PBXFileReference; lastKnownFileType = sourcecode.swift; path = CreatePostView.swift; sourceTree = "<group>"; };
		EB35B4532AAD4B1900144B4C /* MultilineTextField.swift */ = {isa = PBXFileReference; lastKnownFileType = sourcecode.swift; path = MultilineTextField.swift; sourceTree = "<group>"; };
		EB35B4552AAD567300144B4C /* PostCellView.swift */ = {isa = PBXFileReference; lastKnownFileType = sourcecode.swift; path = PostCellView.swift; sourceTree = "<group>"; };
		EB35B4572AAD601700144B4C /* SearchCell.swift */ = {isa = PBXFileReference; lastKnownFileType = sourcecode.swift; path = SearchCell.swift; sourceTree = "<group>"; };
		EB35B4592AAD60F500144B4C /* SearchBar.swift */ = {isa = PBXFileReference; lastKnownFileType = sourcecode.swift; path = SearchBar.swift; sourceTree = "<group>"; };
		EB35B45B2AAD63AF00144B4C /* SearchUserCell.swift */ = {isa = PBXFileReference; lastKnownFileType = sourcecode.swift; path = SearchUserCell.swift; sourceTree = "<group>"; };
		EB35B45D2AAD65F200144B4C /* Extensions.swift */ = {isa = PBXFileReference; lastKnownFileType = sourcecode.swift; path = Extensions.swift; sourceTree = "<group>"; };
		EB35B45F2AAD6C7100144B4C /* NotificationCell.swift */ = {isa = PBXFileReference; lastKnownFileType = sourcecode.swift; path = NotificationCell.swift; sourceTree = "<group>"; };
		EB35B4612AAD726200144B4C /* MessageCell.swift */ = {isa = PBXFileReference; lastKnownFileType = sourcecode.swift; path = MessageCell.swift; sourceTree = "<group>"; };
		EB35B4632AAD791400144B4C /* TopBar.swift */ = {isa = PBXFileReference; lastKnownFileType = sourcecode.swift; path = TopBar.swift; sourceTree = "<group>"; };
		EB35B4652AAD7CE500144B4C /* MainView.swift */ = {isa = PBXFileReference; lastKnownFileType = sourcecode.swift; path = MainView.swift; sourceTree = "<group>"; };
		EB35B4672AAE16E100144B4C /* SlideMenu.swift */ = {isa = PBXFileReference; lastKnownFileType = sourcecode.swift; path = SlideMenu.swift; sourceTree = "<group>"; };
		EB35B4692AAE184A00144B4C /* FollowView.swift */ = {isa = PBXFileReference; lastKnownFileType = sourcecode.swift; path = FollowView.swift; sourceTree = "<group>"; };
		EB35B46B2AAE1B2E00144B4C /* MenuButton.swift */ = {isa = PBXFileReference; lastKnownFileType = sourcecode.swift; path = MenuButton.swift; sourceTree = "<group>"; };
		EB93602A2AAE6CC300C61DD2 /* UserProfile.swift */ = {isa = PBXFileReference; lastKnownFileType = sourcecode.swift; path = UserProfile.swift; sourceTree = "<group>"; };
		EB93602C2AAE6E9E00C61DD2 /* BlurView.swift */ = {isa = PBXFileReference; lastKnownFileType = sourcecode.swift; path = BlurView.swift; sourceTree = "<group>"; };
		EB9360302AAEA66E00C61DD2 /* TabButton.swift */ = {isa = PBXFileReference; lastKnownFileType = sourcecode.swift; path = TabButton.swift; sourceTree = "<group>"; };
		EB9360322AAEB69100C61DD2 /* WelcomeView.swift */ = {isa = PBXFileReference; lastKnownFileType = sourcecode.swift; path = WelcomeView.swift; sourceTree = "<group>"; };
		EBF890832AAF4FA800C9BEA2 /* RegisterView.swift */ = {isa = PBXFileReference; lastKnownFileType = sourcecode.swift; path = RegisterView.swift; sourceTree = "<group>"; };
		EBF890852AAF50A900C9BEA2 /* CustomAuthTextField.swift */ = {isa = PBXFileReference; lastKnownFileType = sourcecode.swift; path = CustomAuthTextField.swift; sourceTree = "<group>"; };
		EBF890872AAF517C00C9BEA2 /* SecureAuthTextField.swift */ = {isa = PBXFileReference; lastKnownFileType = sourcecode.swift; path = SecureAuthTextField.swift; sourceTree = "<group>"; };
		EBF890892AAF54B100C9BEA2 /* LoginView.swift */ = {isa = PBXFileReference; lastKnownFileType = sourcecode.swift; path = LoginView.swift; sourceTree = "<group>"; };
/* End PBXFileReference section */

/* Begin PBXFrameworksBuildPhase section */
		EB35B4212AAD210800144B4C /* Frameworks */ = {
			isa = PBXFrameworksBuildPhase;
			buildActionMask = 2147483647;
			files = (
			);
			runOnlyForDeploymentPostprocessing = 0;
		};
/* End PBXFrameworksBuildPhase section */

/* Begin PBXGroup section */
		EB35B41B2AAD210800144B4C = {
			isa = PBXGroup;
			children = (
				EB35B4262AAD210800144B4C /* Artare */,
				EB35B4252AAD210800144B4C /* Products */,
			);
			sourceTree = "<group>";
		};
		EB35B4252AAD210800144B4C /* Products */ = {
			isa = PBXGroup;
			children = (
				EB35B4242AAD210800144B4C /* Artare.app */,
			);
			name = Products;
			sourceTree = "<group>";
		};
		EB35B4262AAD210800144B4C /* Artare */ = {
			isa = PBXGroup;
			children = (
				EB35B4462AAD227100144B4C /* Extensions */,
				EB35B4452AAD226D00144B4C /* Services */,
				EB35B4442AAD226700144B4C /* Model */,
				EB35B4432AAD225D00144B4C /* ViewModel */,
				EB35B43F2AAD224700144B4C /* View */,
				EB35B43E2AAD224000144B4C /* Feed */,
				EB35B43D2AAD223700144B4C /* Search */,
				EB35B43C2AAD222D00144B4C /* Notifications */,
				EB35B43B2AAD222400144B4C /* Messages */,
				EB35B43A2AAD221900144B4C /* Authentication */,
				EB35B4392AAD221100144B4C /* Items */,
				EB35B4382AAD220A00144B4C /* Post */,
				EB35B4372AAD21EE00144B4C /* Profile */,
				EB35B4272AAD210800144B4C /* ArtareApp.swift */,
				EB35B4292AAD210800144B4C /* ContentView.swift */,
				EB35B4352AAD21A700144B4C /* Assets.xcassets */,
				EB35B42D2AAD210800144B4C /* Preview Content */,
			);
			path = Artare;
			sourceTree = "<group>";
		};
		EB35B42D2AAD210800144B4C /* Preview Content */ = {
			isa = PBXGroup;
			children = (
				EB35B42E2AAD210800144B4C /* Preview Assets.xcassets */,
			);
			path = "Preview Content";
			sourceTree = "<group>";
		};
		EB35B4372AAD21EE00144B4C /* Profile */ = {
			isa = PBXGroup;
			children = (
				EB93602A2AAE6CC300C61DD2 /* UserProfile.swift */,
				EB93602C2AAE6E9E00C61DD2 /* BlurView.swift */,
			);
			path = Profile;
			sourceTree = "<group>";
		};
		EB35B4382AAD220A00144B4C /* Post */ = {
			isa = PBXGroup;
			children = (
				EB35B44F2AAD49A000144B4C /* CreatePostView.swift */,
			);
			path = Post;
			sourceTree = "<group>";
		};
		EB35B4392AAD221100144B4C /* Items */ = {
			isa = PBXGroup;
			children = (
				EB35B4532AAD4B1900144B4C /* MultilineTextField.swift */,
				EB35B4592AAD60F500144B4C /* SearchBar.swift */,
				EB35B4692AAE184A00144B4C /* FollowView.swift */,
				EB35B46B2AAE1B2E00144B4C /* MenuButton.swift */,
				EB9360302AAEA66E00C61DD2 /* TabButton.swift */,
				EBF890852AAF50A900C9BEA2 /* CustomAuthTextField.swift */,
				EBF890872AAF517C00C9BEA2 /* SecureAuthTextField.swift */,
			);
			path = Items;
			sourceTree = "<group>";
		};
		EB35B43A2AAD221900144B4C /* Authentication */ = {
			isa = PBXGroup;
			children = (
				EB9360322AAEB69100C61DD2 /* WelcomeView.swift */,
				EBF890832AAF4FA800C9BEA2 /* RegisterView.swift */,
				EBF890892AAF54B100C9BEA2 /* LoginView.swift */,
			);
			path = Authentication;
			sourceTree = "<group>";
		};
		EB35B43B2AAD222400144B4C /* Messages */ = {
			isa = PBXGroup;
			children = (
				EB35B44D2AAD361E00144B4C /* MessagesView.swift */,
				EB35B4612AAD726200144B4C /* MessageCell.swift */,
			);
			path = Messages;
			sourceTree = "<group>";
		};
		EB35B43C2AAD222D00144B4C /* Notifications */ = {
			isa = PBXGroup;
			children = (
				EB35B44B2AAD360E00144B4C /* NotificationsView.swift */,
				EB35B45F2AAD6C7100144B4C /* NotificationCell.swift */,
			);
			path = Notifications;
			sourceTree = "<group>";
		};
		EB35B43D2AAD223700144B4C /* Search */ = {
			isa = PBXGroup;
			children = (
				EB35B4492AAD35F100144B4C /* SearchView.swift */,
				EB35B4572AAD601700144B4C /* SearchCell.swift */,
				EB35B45B2AAD63AF00144B4C /* SearchUserCell.swift */,
			);
			path = Search;
			sourceTree = "<group>";
		};
		EB35B43E2AAD224000144B4C /* Feed */ = {
			isa = PBXGroup;
			children = (
				EB35B4472AAD35DF00144B4C /* Feed.swift */,
				EB35B4552AAD567300144B4C /* PostCellView.swift */,
			);
			path = Feed;
			sourceTree = "<group>";
		};
		EB35B43F2AAD224700144B4C /* View */ = {
			isa = PBXGroup;
			children = (
				EB35B4402AAD224E00144B4C /* Main */,
			);
			path = View;
			sourceTree = "<group>";
		};
		EB35B4402AAD224E00144B4C /* Main */ = {
			isa = PBXGroup;
			children = (
				EB35B4412AAD225900144B4C /* Home.swift */,
				EB35B4632AAD791400144B4C /* TopBar.swift */,
				EB35B4652AAD7CE500144B4C /* MainView.swift */,
				EB35B4672AAE16E100144B4C /* SlideMenu.swift */,
			);
			path = Main;
			sourceTree = "<group>";
		};
		EB35B4432AAD225D00144B4C /* ViewModel */ = {
			isa = PBXGroup;
			children = (
			);
			path = ViewModel;
			sourceTree = "<group>";
		};
		EB35B4442AAD226700144B4C /* Model */ = {
			isa = PBXGroup;
			children = (
			);
			path = Model;
			sourceTree = "<group>";
		};
		EB35B4452AAD226D00144B4C /* Services */ = {
			isa = PBXGroup;
			children = (
			);
			path = Services;
			sourceTree = "<group>";
		};
		EB35B4462AAD227100144B4C /* Extensions */ = {
			isa = PBXGroup;
			children = (
				EB35B45D2AAD65F200144B4C /* Extensions.swift */,
			);
			path = Extensions;
			sourceTree = "<group>";
		};
/* End PBXGroup section */

/* Begin PBXNativeTarget section */
		EB35B4232AAD210800144B4C /* Artare */ = {
			isa = PBXNativeTarget;
			buildConfigurationList = EB35B4322AAD210800144B4C /* Build configuration list for PBXNativeTarget "Artare" */;
			buildPhases = (
				EB35B4202AAD210800144B4C /* Sources */,
				EB35B4212AAD210800144B4C /* Frameworks */,
				EB35B4222AAD210800144B4C /* Resources */,
			);
			buildRules = (
			);
			dependencies = (
			);
			name = Artare;
			productName = Artare;
			productReference = EB35B4242AAD210800144B4C /* Artare.app */;
			productType = "com.apple.product-type.application";
		};
/* End PBXNativeTarget section */

/* Begin PBXProject section */
		EB35B41C2AAD210800144B4C /* Project object */ = {
			isa = PBXProject;
			attributes = {
				BuildIndependentTargetsInParallel = 1;
				LastSwiftUpdateCheck = 1430;
				LastUpgradeCheck = 1430;
				TargetAttributes = {
					EB35B4232AAD210800144B4C = {
						CreatedOnToolsVersion = 14.3.1;
					};
				};
			};
			buildConfigurationList = EB35B41F2AAD210800144B4C /* Build configuration list for PBXProject "Artare" */;
			compatibilityVersion = "Xcode 14.0";
			developmentRegion = en;
			hasScannedForEncodings = 0;
			knownRegions = (
				en,
				Base,
			);
			mainGroup = EB35B41B2AAD210800144B4C;
			productRefGroup = EB35B4252AAD210800144B4C /* Products */;
			projectDirPath = "";
			projectRoot = "";
			targets = (
				EB35B4232AAD210800144B4C /* Artare */,
			);
		};
/* End PBXProject section */

/* Begin PBXResourcesBuildPhase section */
		EB35B4222AAD210800144B4C /* Resources */ = {
			isa = PBXResourcesBuildPhase;
			buildActionMask = 2147483647;
			files = (
				EB35B42F2AAD210800144B4C /* Preview Assets.xcassets in Resources */,
				EB35B4362AAD21A700144B4C /* Assets.xcassets in Resources */,
			);
			runOnlyForDeploymentPostprocessing = 0;
		};
/* End PBXResourcesBuildPhase section */

/* Begin PBXSourcesBuildPhase section */
		EB35B4202AAD210800144B4C /* Sources */ = {
			isa = PBXSourcesBuildPhase;
			buildActionMask = 2147483647;
			files = (
				EB35B4562AAD567300144B4C /* PostCellView.swift in Sources */,
				EBF8908A2AAF54B100C9BEA2 /* LoginView.swift in Sources */,
				EB35B4662AAD7CE500144B4C /* MainView.swift in Sources */,
				EB93602D2AAE6E9E00C61DD2 /* BlurView.swift in Sources */,
				EB35B46C2AAE1B2E00144B4C /* MenuButton.swift in Sources */,
				EB35B4622AAD726200144B4C /* MessageCell.swift in Sources */,
				EB35B4582AAD601700144B4C /* SearchCell.swift in Sources */,
				EB35B44A2AAD35F100144B4C /* SearchView.swift in Sources */,
				EB35B4682AAE16E100144B4C /* SlideMenu.swift in Sources */,
				EB35B42A2AAD210800144B4C /* ContentView.swift in Sources */,
				EB35B45C2AAD63AF00144B4C /* SearchUserCell.swift in Sources */,
				EB35B4482AAD35DF00144B4C /* Feed.swift in Sources */,
				EB35B45A2AAD60F500144B4C /* SearchBar.swift in Sources */,
				EB35B4422AAD225900144B4C /* Home.swift in Sources */,
				EB35B4642AAD791400144B4C /* TopBar.swift in Sources */,
				EB35B4502AAD49A000144B4C /* CreatePostView.swift in Sources */,
				EBF890862AAF50A900C9BEA2 /* CustomAuthTextField.swift in Sources */,
				EBF890842AAF4FA800C9BEA2 /* RegisterView.swift in Sources */,
				EB35B46A2AAE184A00144B4C /* FollowView.swift in Sources */,
				EB35B44E2AAD361E00144B4C /* MessagesView.swift in Sources */,
				EB93602B2AAE6CC300C61DD2 /* UserProfile.swift in Sources */,
				EB35B4542AAD4B1900144B4C /* MultilineTextField.swift in Sources */,
				EB35B4282AAD210800144B4C /* ArtareApp.swift in Sources */,
				EBF890882AAF517C00C9BEA2 /* SecureAuthTextField.swift in Sources */,
				EB9360332AAEB69100C61DD2 /* WelcomeView.swift in Sources */,
				EB35B44C2AAD360E00144B4C /* NotificationsView.swift in Sources */,
				EB9360312AAEA66E00C61DD2 /* TabButton.swift in Sources */,
				EB35B4602AAD6C7200144B4C /* NotificationCell.swift in Sources */,
				EB35B45E2AAD65F200144B4C /* Extensions.swift in Sources */,
			);
			runOnlyForDeploymentPostprocessing = 0;
		};
/* End PBXSourcesBuildPhase section */

/* Begin XCBuildConfiguration section */
		EB35B4302AAD210800144B4C /* Debug */ = {
			isa = XCBuildConfiguration;
			buildSettings = {
				ALWAYS_SEARCH_USER_PATHS = NO;
				CLANG_ANALYZER_NONNULL = YES;
				CLANG_ANALYZER_NUMBER_OBJECT_CONVERSION = YES_AGGRESSIVE;
				CLANG_CXX_LANGUAGE_STANDARD = "gnu++20";
				CLANG_ENABLE_MODULES = YES;
				CLANG_ENABLE_OBJC_ARC = YES;
				CLANG_ENABLE_OBJC_WEAK = YES;
				CLANG_WARN_BLOCK_CAPTURE_AUTORELEASING = YES;
				CLANG_WARN_BOOL_CONVERSION = YES;
				CLANG_WARN_COMMA = YES;
				CLANG_WARN_CONSTANT_CONVERSION = YES;
				CLANG_WARN_DEPRECATED_OBJC_IMPLEMENTATIONS = YES;
				CLANG_WARN_DIRECT_OBJC_ISA_USAGE = YES_ERROR;
				CLANG_WARN_DOCUMENTATION_COMMENTS = YES;
				CLANG_WARN_EMPTY_BODY = YES;
				CLANG_WARN_ENUM_CONVERSION = YES;
				CLANG_WARN_INFINITE_RECURSION = YES;
				CLANG_WARN_INT_CONVERSION = YES;
				CLANG_WARN_NON_LITERAL_NULL_CONVERSION = YES;
				CLANG_WARN_OBJC_IMPLICIT_RETAIN_SELF = YES;
				CLANG_WARN_OBJC_LITERAL_CONVERSION = YES;
				CLANG_WARN_OBJC_ROOT_CLASS = YES_ERROR;
				CLANG_WARN_QUOTED_INCLUDE_IN_FRAMEWORK_HEADER = YES;
				CLANG_WARN_RANGE_LOOP_ANALYSIS = YES;
				CLANG_WARN_STRICT_PROTOTYPES = YES;
				CLANG_WARN_SUSPICIOUS_MOVE = YES;
				CLANG_WARN_UNGUARDED_AVAILABILITY = YES_AGGRESSIVE;
				CLANG_WARN_UNREACHABLE_CODE = YES;
				CLANG_WARN__DUPLICATE_METHOD_MATCH = YES;
				COPY_PHASE_STRIP = NO;
				DEBUG_INFORMATION_FORMAT = dwarf;
				ENABLE_STRICT_OBJC_MSGSEND = YES;
				ENABLE_TESTABILITY = YES;
				GCC_C_LANGUAGE_STANDARD = gnu11;
				GCC_DYNAMIC_NO_PIC = NO;
				GCC_NO_COMMON_BLOCKS = YES;
				GCC_OPTIMIZATION_LEVEL = 0;
				GCC_PREPROCESSOR_DEFINITIONS = (
					"DEBUG=1",
					"$(inherited)",
				);
				GCC_WARN_64_TO_32_BIT_CONVERSION = YES;
				GCC_WARN_ABOUT_RETURN_TYPE = YES_ERROR;
				GCC_WARN_UNDECLARED_SELECTOR = YES;
				GCC_WARN_UNINITIALIZED_AUTOS = YES_AGGRESSIVE;
				GCC_WARN_UNUSED_FUNCTION = YES;
				GCC_WARN_UNUSED_VARIABLE = YES;
				IPHONEOS_DEPLOYMENT_TARGET = 16.4;
				MTL_ENABLE_DEBUG_INFO = INCLUDE_SOURCE;
				MTL_FAST_MATH = YES;
				ONLY_ACTIVE_ARCH = YES;
				SDKROOT = iphoneos;
				SWIFT_ACTIVE_COMPILATION_CONDITIONS = DEBUG;
				SWIFT_OPTIMIZATION_LEVEL = "-Onone";
			};
			name = Debug;
		};
		EB35B4312AAD210800144B4C /* Release */ = {
			isa = XCBuildConfiguration;
			buildSettings = {
				ALWAYS_SEARCH_USER_PATHS = NO;
				CLANG_ANALYZER_NONNULL = YES;
				CLANG_ANALYZER_NUMBER_OBJECT_CONVERSION = YES_AGGRESSIVE;
				CLANG_CXX_LANGUAGE_STANDARD = "gnu++20";
				CLANG_ENABLE_MODULES = YES;
				CLANG_ENABLE_OBJC_ARC = YES;
				CLANG_ENABLE_OBJC_WEAK = YES;
				CLANG_WARN_BLOCK_CAPTURE_AUTORELEASING = YES;
				CLANG_WARN_BOOL_CONVERSION = YES;
				CLANG_WARN_COMMA = YES;
				CLANG_WARN_CONSTANT_CONVERSION = YES;
				CLANG_WARN_DEPRECATED_OBJC_IMPLEMENTATIONS = YES;
				CLANG_WARN_DIRECT_OBJC_ISA_USAGE = YES_ERROR;
				CLANG_WARN_DOCUMENTATION_COMMENTS = YES;
				CLANG_WARN_EMPTY_BODY = YES;
				CLANG_WARN_ENUM_CONVERSION = YES;
				CLANG_WARN_INFINITE_RECURSION = YES;
				CLANG_WARN_INT_CONVERSION = YES;
				CLANG_WARN_NON_LITERAL_NULL_CONVERSION = YES;
				CLANG_WARN_OBJC_IMPLICIT_RETAIN_SELF = YES;
				CLANG_WARN_OBJC_LITERAL_CONVERSION = YES;
				CLANG_WARN_OBJC_ROOT_CLASS = YES_ERROR;
				CLANG_WARN_QUOTED_INCLUDE_IN_FRAMEWORK_HEADER = YES;
				CLANG_WARN_RANGE_LOOP_ANALYSIS = YES;
				CLANG_WARN_STRICT_PROTOTYPES = YES;
				CLANG_WARN_SUSPICIOUS_MOVE = YES;
				CLANG_WARN_UNGUARDED_AVAILABILITY = YES_AGGRESSIVE;
				CLANG_WARN_UNREACHABLE_CODE = YES;
				CLANG_WARN__DUPLICATE_METHOD_MATCH = YES;
				COPY_PHASE_STRIP = NO;
				DEBUG_INFORMATION_FORMAT = "dwarf-with-dsym";
				ENABLE_NS_ASSERTIONS = NO;
				ENABLE_STRICT_OBJC_MSGSEND = YES;
				GCC_C_LANGUAGE_STANDARD = gnu11;
				GCC_NO_COMMON_BLOCKS = YES;
				GCC_WARN_64_TO_32_BIT_CONVERSION = YES;
				GCC_WARN_ABOUT_RETURN_TYPE = YES_ERROR;
				GCC_WARN_UNDECLARED_SELECTOR = YES;
				GCC_WARN_UNINITIALIZED_AUTOS = YES_AGGRESSIVE;
				GCC_WARN_UNUSED_FUNCTION = YES;
				GCC_WARN_UNUSED_VARIABLE = YES;
				IPHONEOS_DEPLOYMENT_TARGET = 16.4;
				MTL_ENABLE_DEBUG_INFO = NO;
				MTL_FAST_MATH = YES;
				SDKROOT = iphoneos;
				SWIFT_COMPILATION_MODE = wholemodule;
				SWIFT_OPTIMIZATION_LEVEL = "-O";
				VALIDATE_PRODUCT = YES;
			};
			name = Release;
		};
		EB35B4332AAD210800144B4C /* Debug */ = {
			isa = XCBuildConfiguration;
			buildSettings = {
				ASSETCATALOG_COMPILER_APPICON_NAME = AppIcon;
				ASSETCATALOG_COMPILER_GLOBAL_ACCENT_COLOR_NAME = AccentColor;
				CODE_SIGN_STYLE = Automatic;
				CURRENT_PROJECT_VERSION = 1;
				DEVELOPMENT_ASSET_PATHS = "\"Artare/Preview Content\"";
				DEVELOPMENT_TEAM = MR82WX79L7;
				ENABLE_PREVIEWS = YES;
				GENERATE_INFOPLIST_FILE = YES;
				INFOPLIST_KEY_UIApplicationSceneManifest_Generation = YES;
				INFOPLIST_KEY_UIApplicationSupportsIndirectInputEvents = YES;
				INFOPLIST_KEY_UILaunchScreen_Generation = YES;
				INFOPLIST_KEY_UISupportedInterfaceOrientations_iPad = "UIInterfaceOrientationPortrait UIInterfaceOrientationPortraitUpsideDown UIInterfaceOrientationLandscapeLeft UIInterfaceOrientationLandscapeRight";
				INFOPLIST_KEY_UISupportedInterfaceOrientations_iPhone = "UIInterfaceOrientationPortrait UIInterfaceOrientationLandscapeLeft UIInterfaceOrientationLandscapeRight";
				LD_RUNPATH_SEARCH_PATHS = (
					"$(inherited)",
					"@executable_path/Frameworks",
				);
				MARKETING_VERSION = 1.0;
				PRODUCT_BUNDLE_IDENTIFIER = com.CuriousR.Artare;
				PRODUCT_NAME = "$(TARGET_NAME)";
				SWIFT_EMIT_LOC_STRINGS = YES;
				SWIFT_VERSION = 5.0;
				TARGETED_DEVICE_FAMILY = "1,2";
			};
			name = Debug;
		};
		EB35B4342AAD210800144B4C /* Release */ = {
			isa = XCBuildConfiguration;
			buildSettings = {
				ASSETCATALOG_COMPILER_APPICON_NAME = AppIcon;
				ASSETCATALOG_COMPILER_GLOBAL_ACCENT_COLOR_NAME = AccentColor;
				CODE_SIGN_STYLE = Automatic;
				CURRENT_PROJECT_VERSION = 1;
				DEVELOPMENT_ASSET_PATHS = "\"Artare/Preview Content\"";
				DEVELOPMENT_TEAM = MR82WX79L7;
				ENABLE_PREVIEWS = YES;
				GENERATE_INFOPLIST_FILE = YES;
				INFOPLIST_KEY_UIApplicationSceneManifest_Generation = YES;
				INFOPLIST_KEY_UIApplicationSupportsIndirectInputEvents = YES;
				INFOPLIST_KEY_UILaunchScreen_Generation = YES;
				INFOPLIST_KEY_UISupportedInterfaceOrientations_iPad = "UIInterfaceOrientationPortrait UIInterfaceOrientationPortraitUpsideDown UIInterfaceOrientationLandscapeLeft UIInterfaceOrientationLandscapeRight";
				INFOPLIST_KEY_UISupportedInterfaceOrientations_iPhone = "UIInterfaceOrientationPortrait UIInterfaceOrientationLandscapeLeft UIInterfaceOrientationLandscapeRight";
				LD_RUNPATH_SEARCH_PATHS = (
					"$(inherited)",
					"@executable_path/Frameworks",
				);
				MARKETING_VERSION = 1.0;
				PRODUCT_BUNDLE_IDENTIFIER = com.CuriousR.Artare;
				PRODUCT_NAME = "$(TARGET_NAME)";
				SWIFT_EMIT_LOC_STRINGS = YES;
				SWIFT_VERSION = 5.0;
				TARGETED_DEVICE_FAMILY = "1,2";
			};
			name = Release;
		};
/* End XCBuildConfiguration section */

/* Begin XCConfigurationList section */
		EB35B41F2AAD210800144B4C /* Build configuration list for PBXProject "Artare" */ = {
			isa = XCConfigurationList;
			buildConfigurations = (
				EB35B4302AAD210800144B4C /* Debug */,
				EB35B4312AAD210800144B4C /* Release */,
			);
			defaultConfigurationIsVisible = 0;
			defaultConfigurationName = Release;
		};
		EB35B4322AAD210800144B4C /* Build configuration list for PBXNativeTarget "Artare" */ = {
			isa = XCConfigurationList;
			buildConfigurations = (
				EB35B4332AAD210800144B4C /* Debug */,
				EB35B4342AAD210800144B4C /* Release */,
			);
			defaultConfigurationIsVisible = 0;
			defaultConfigurationName = Release;
		};
/* End XCConfigurationList section */
	};
	rootObject = EB35B41C2AAD210800144B4C /* Project object */;
}
